// !$*UTF8*$!
{
	archiveVersion = 1;
	classes = {
	};
	objectVersion = 70;
	objects = {

/* Begin PBXBuildFile section */
		673434D12D039C0D00FE6B25 /* SharedMarkdownTextView.swift in Sources */ = {isa = PBXBuildFile; fileRef = 673434D02D039C0D00FE6B25 /* SharedMarkdownTextView.swift */; };
		673434D22D039C0D00FE6B25 /* SharedMarkdownTextView.swift in Sources */ = {isa = PBXBuildFile; fileRef = 673434D02D039C0D00FE6B25 /* SharedMarkdownTextView.swift */; };
		673A6A6A2CFBC69E00DD0B02 /* SharedDataManager.swift in Sources */ = {isa = PBXBuildFile; fileRef = 673A6A682CFBC69E00DD0B02 /* SharedDataManager.swift */; };
		673A6A6C2CFBC69E00DD0B02 /* Item.swift in Sources */ = {isa = PBXBuildFile; fileRef = 673A6A662CFBC69E00DD0B02 /* Item.swift */; };
		673A6A6D2CFBC69E00DD0B02 /* SharedDataManager.swift in Sources */ = {isa = PBXBuildFile; fileRef = 673A6A682CFBC69E00DD0B02 /* SharedDataManager.swift */; };
		673A6A6F2CFBC69E00DD0B02 /* Item.swift in Sources */ = {isa = PBXBuildFile; fileRef = 673A6A662CFBC69E00DD0B02 /* Item.swift */; };
		673A6A742CFBCBA300DD0B02 /* MarkdownRenderedView.swift in Sources */ = {isa = PBXBuildFile; fileRef = 673A6A732CFBCBA300DD0B02 /* MarkdownRenderedView.swift */; };
		673A6A752CFBCBA300DD0B02 /* MarkdownRenderedView.swift in Sources */ = {isa = PBXBuildFile; fileRef = 673A6A732CFBCBA300DD0B02 /* MarkdownRenderedView.swift */; };
		676ADC782CF2DDF500C48FBD /* ContentView.swift in Sources */ = {isa = PBXBuildFile; fileRef = 676ADC772CF2DDF500C48FBD /* ContentView.swift */; };
		678F20B12CFBA42900269BD6 /* WidgetKit.framework in Frameworks */ = {isa = PBXBuildFile; fileRef = 678F20B02CFBA42900269BD6 /* WidgetKit.framework */; };
		678F20B32CFBA42900269BD6 /* SwiftUI.framework in Frameworks */ = {isa = PBXBuildFile; fileRef = 678F20B22CFBA42900269BD6 /* SwiftUI.framework */; };
		678F20C12CFBA42A00269BD6 /* MemoWallWidgetExtension.appex in Embed Foundation Extensions */ = {isa = PBXBuildFile; fileRef = 678F20AE2CFBA42900269BD6 /* MemoWallWidgetExtension.appex */; settings = {ATTRIBUTES = (RemoveHeadersOnCopy, ); }; };
		67EC09BA2CE6D82B00B2902F /* MemoWallApp.swift in Sources */ = {isa = PBXBuildFile; fileRef = 67EC09B92CE6D82B00B2902F /* MemoWallApp.swift */; };
		67EC09C02CE6D82C00B2902F /* Assets.xcassets in Resources */ = {isa = PBXBuildFile; fileRef = 67EC09BF2CE6D82C00B2902F /* Assets.xcassets */; };
		67EC09C32CE6D82C00B2902F /* Preview Assets.xcassets in Resources */ = {isa = PBXBuildFile; fileRef = 67EC09C22CE6D82C00B2902F /* Preview Assets.xcassets */; };
		67EC09CE2CE6D82C00B2902F /* MemoWallTests.swift in Sources */ = {isa = PBXBuildFile; fileRef = 67EC09CD2CE6D82C00B2902F /* MemoWallTests.swift */; };
		67EC09D82CE6D82C00B2902F /* MemoWallUITests.swift in Sources */ = {isa = PBXBuildFile; fileRef = 67EC09D72CE6D82C00B2902F /* MemoWallUITests.swift */; };
		67EC09DA2CE6D82C00B2902F /* MemoWallUITestsLaunchTests.swift in Sources */ = {isa = PBXBuildFile; fileRef = 67EC09D92CE6D82C00B2902F /* MemoWallUITestsLaunchTests.swift */; };
		67EC09ED2CE6E7DC00B2902F /* Down in Frameworks */ = {isa = PBXBuildFile; productRef = 67EC09EC2CE6E7DC00B2902F /* Down */; };
/* End PBXBuildFile section */

/* Begin PBXContainerItemProxy section */
		678F20BF2CFBA42A00269BD6 /* PBXContainerItemProxy */ = {
			isa = PBXContainerItemProxy;
			containerPortal = 67EC09AE2CE6D82B00B2902F /* Project object */;
			proxyType = 1;
			remoteGlobalIDString = 678F20AD2CFBA42900269BD6;
			remoteInfo = MemoWallWidgetExtension;
		};
		67EC09CA2CE6D82C00B2902F /* PBXContainerItemProxy */ = {
			isa = PBXContainerItemProxy;
			containerPortal = 67EC09AE2CE6D82B00B2902F /* Project object */;
			proxyType = 1;
			remoteGlobalIDString = 67EC09B52CE6D82B00B2902F;
			remoteInfo = MemoWall;
		};
		67EC09D42CE6D82C00B2902F /* PBXContainerItemProxy */ = {
			isa = PBXContainerItemProxy;
			containerPortal = 67EC09AE2CE6D82B00B2902F /* Project object */;
			proxyType = 1;
			remoteGlobalIDString = 67EC09B52CE6D82B00B2902F;
			remoteInfo = MemoWall;
		};
/* End PBXContainerItemProxy section */

/* Begin PBXCopyFilesBuildPhase section */
		678F20C22CFBA42A00269BD6 /* Embed Foundation Extensions */ = {
			isa = PBXCopyFilesBuildPhase;
			buildActionMask = 2147483647;
			dstPath = "";
			dstSubfolderSpec = 13;
			files = (
				678F20C12CFBA42A00269BD6 /* MemoWallWidgetExtension.appex in Embed Foundation Extensions */,
			);
			name = "Embed Foundation Extensions";
			runOnlyForDeploymentPostprocessing = 0;
		};
/* End PBXCopyFilesBuildPhase section */

/* Begin PBXFileReference section */
		673434D02D039C0D00FE6B25 /* SharedMarkdownTextView.swift */ = {isa = PBXFileReference; lastKnownFileType = sourcecode.swift; path = SharedMarkdownTextView.swift; sourceTree = "<group>"; };
		673A6A512CFBB01700DD0B02 /* Info.plist */ = {isa = PBXFileReference; lastKnownFileType = text.plist; path = Info.plist; sourceTree = "<group>"; };
		673A6A662CFBC69E00DD0B02 /* Item.swift */ = {isa = PBXFileReference; lastKnownFileType = sourcecode.swift; path = Item.swift; sourceTree = "<group>"; };
		673A6A682CFBC69E00DD0B02 /* SharedDataManager.swift */ = {isa = PBXFileReference; lastKnownFileType = sourcecode.swift; path = SharedDataManager.swift; sourceTree = "<group>"; };
		673A6A732CFBCBA300DD0B02 /* MarkdownRenderedView.swift */ = {isa = PBXFileReference; lastKnownFileType = sourcecode.swift; path = MarkdownRenderedView.swift; sourceTree = "<group>"; };
		676ADC772CF2DDF500C48FBD /* ContentView.swift */ = {isa = PBXFileReference; lastKnownFileType = sourcecode.swift; path = ContentView.swift; sourceTree = "<group>"; };
		678F20AE2CFBA42900269BD6 /* MemoWallWidgetExtension.appex */ = {isa = PBXFileReference; explicitFileType = "wrapper.app-extension"; includeInIndex = 0; path = MemoWallWidgetExtension.appex; sourceTree = BUILT_PRODUCTS_DIR; };
		678F20B02CFBA42900269BD6 /* WidgetKit.framework */ = {isa = PBXFileReference; lastKnownFileType = wrapper.framework; name = WidgetKit.framework; path = System/Library/Frameworks/WidgetKit.framework; sourceTree = SDKROOT; };
		678F20B22CFBA42900269BD6 /* SwiftUI.framework */ = {isa = PBXFileReference; lastKnownFileType = wrapper.framework; name = SwiftUI.framework; path = System/Library/Frameworks/SwiftUI.framework; sourceTree = SDKROOT; };
		67EC09B62CE6D82B00B2902F /* MemoWall.app */ = {isa = PBXFileReference; explicitFileType = wrapper.application; includeInIndex = 0; path = MemoWall.app; sourceTree = BUILT_PRODUCTS_DIR; };
		67EC09B92CE6D82B00B2902F /* MemoWallApp.swift */ = {isa = PBXFileReference; lastKnownFileType = sourcecode.swift; path = MemoWallApp.swift; sourceTree = "<group>"; };
		67EC09BF2CE6D82C00B2902F /* Assets.xcassets */ = {isa = PBXFileReference; lastKnownFileType = folder.assetcatalog; path = Assets.xcassets; sourceTree = "<group>"; };
		67EC09C22CE6D82C00B2902F /* Preview Assets.xcassets */ = {isa = PBXFileReference; lastKnownFileType = folder.assetcatalog; path = "Preview Assets.xcassets"; sourceTree = "<group>"; };
		67EC09C42CE6D82C00B2902F /* MemoWall.entitlements */ = {isa = PBXFileReference; lastKnownFileType = text.plist.entitlements; path = MemoWall.entitlements; sourceTree = "<group>"; };
		67EC09C92CE6D82C00B2902F /* MemoWallTests.xctest */ = {isa = PBXFileReference; explicitFileType = wrapper.cfbundle; includeInIndex = 0; path = MemoWallTests.xctest; sourceTree = BUILT_PRODUCTS_DIR; };
		67EC09CD2CE6D82C00B2902F /* MemoWallTests.swift */ = {isa = PBXFileReference; lastKnownFileType = sourcecode.swift; path = MemoWallTests.swift; sourceTree = "<group>"; };
		67EC09D32CE6D82C00B2902F /* MemoWallUITests.xctest */ = {isa = PBXFileReference; explicitFileType = wrapper.cfbundle; includeInIndex = 0; path = MemoWallUITests.xctest; sourceTree = BUILT_PRODUCTS_DIR; };
		67EC09D72CE6D82C00B2902F /* MemoWallUITests.swift */ = {isa = PBXFileReference; lastKnownFileType = sourcecode.swift; path = MemoWallUITests.swift; sourceTree = "<group>"; };
		67EC09D92CE6D82C00B2902F /* MemoWallUITestsLaunchTests.swift */ = {isa = PBXFileReference; lastKnownFileType = sourcecode.swift; path = MemoWallUITestsLaunchTests.swift; sourceTree = "<group>"; };
/* End PBXFileReference section */

/* Begin PBXFileSystemSynchronizedBuildFileExceptionSet section */
		678F20C52CFBA42A00269BD6 /* PBXFileSystemSynchronizedBuildFileExceptionSet */ = {
			isa = PBXFileSystemSynchronizedBuildFileExceptionSet;
			membershipExceptions = (
				Info.plist,
			);
			target = 678F20AD2CFBA42900269BD6 /* MemoWallWidgetExtension */;
		};
/* End PBXFileSystemSynchronizedBuildFileExceptionSet section */

/* Begin PBXFileSystemSynchronizedRootGroup section */
		678F20B42CFBA42900269BD6 /* MemoWallWidget */ = {isa = PBXFileSystemSynchronizedRootGroup; exceptions = (678F20C52CFBA42A00269BD6 /* PBXFileSystemSynchronizedBuildFileExceptionSet */, ); explicitFileTypes = {}; explicitFolders = (); path = MemoWallWidget; sourceTree = "<group>"; };
/* End PBXFileSystemSynchronizedRootGroup section */

/* Begin PBXFrameworksBuildPhase section */
		678F20AB2CFBA42900269BD6 /* Frameworks */ = {
			isa = PBXFrameworksBuildPhase;
			buildActionMask = 2147483647;
			files = (
				678F20B32CFBA42900269BD6 /* SwiftUI.framework in Frameworks */,
				678F20B12CFBA42900269BD6 /* WidgetKit.framework in Frameworks */,
			);
			runOnlyForDeploymentPostprocessing = 0;
		};
		67EC09B32CE6D82B00B2902F /* Frameworks */ = {
			isa = PBXFrameworksBuildPhase;
			buildActionMask = 2147483647;
			files = (
				67EC09ED2CE6E7DC00B2902F /* Down in Frameworks */,
			);
			runOnlyForDeploymentPostprocessing = 0;
		};
		67EC09C62CE6D82C00B2902F /* Frameworks */ = {
			isa = PBXFrameworksBuildPhase;
			buildActionMask = 2147483647;
			files = (
			);
			runOnlyForDeploymentPostprocessing = 0;
		};
		67EC09D02CE6D82C00B2902F /* Frameworks */ = {
			isa = PBXFrameworksBuildPhase;
			buildActionMask = 2147483647;
			files = (
			);
			runOnlyForDeploymentPostprocessing = 0;
		};
/* End PBXFrameworksBuildPhase section */

/* Begin PBXGroup section */
		673A6A692CFBC69E00DD0B02 /* Shared */ = {
			isa = PBXGroup;
			children = (
				673434D02D039C0D00FE6B25 /* SharedMarkdownTextView.swift */,
				673A6A732CFBCBA300DD0B02 /* MarkdownRenderedView.swift */,
				673A6A662CFBC69E00DD0B02 /* Item.swift */,
				673A6A682CFBC69E00DD0B02 /* SharedDataManager.swift */,
			);
			path = Shared;
			sourceTree = "<group>";
		};
		678F20AF2CFBA42900269BD6 /* Frameworks */ = {
			isa = PBXGroup;
			children = (
				678F20B02CFBA42900269BD6 /* WidgetKit.framework */,
				678F20B22CFBA42900269BD6 /* SwiftUI.framework */,
			);
			name = Frameworks;
			sourceTree = "<group>";
		};
		67EC09AD2CE6D82B00B2902F = {
			isa = PBXGroup;
			children = (
				673A6A692CFBC69E00DD0B02 /* Shared */,
				67EC09B82CE6D82B00B2902F /* MemoWall */,
				67EC09CC2CE6D82C00B2902F /* MemoWallTests */,
				67EC09D62CE6D82C00B2902F /* MemoWallUITests */,
				678F20B42CFBA42900269BD6 /* MemoWallWidget */,
				678F20AF2CFBA42900269BD6 /* Frameworks */,
				67EC09B72CE6D82B00B2902F /* Products */,
			);
			sourceTree = "<group>";
		};
		67EC09B72CE6D82B00B2902F /* Products */ = {
			isa = PBXGroup;
			children = (
				67EC09B62CE6D82B00B2902F /* MemoWall.app */,
				67EC09C92CE6D82C00B2902F /* MemoWallTests.xctest */,
				67EC09D32CE6D82C00B2902F /* MemoWallUITests.xctest */,
				678F20AE2CFBA42900269BD6 /* MemoWallWidgetExtension.appex */,
			);
			name = Products;
			sourceTree = "<group>";
		};
		67EC09B82CE6D82B00B2902F /* MemoWall */ = {
			isa = PBXGroup;
			children = (
				673A6A512CFBB01700DD0B02 /* Info.plist */,
				67EC09B92CE6D82B00B2902F /* MemoWallApp.swift */,
				676ADC772CF2DDF500C48FBD /* ContentView.swift */,
				67EC09BF2CE6D82C00B2902F /* Assets.xcassets */,
				67EC09C42CE6D82C00B2902F /* MemoWall.entitlements */,
				67EC09C12CE6D82C00B2902F /* Preview Content */,
			);
			path = MemoWall;
			sourceTree = "<group>";
		};
		67EC09C12CE6D82C00B2902F /* Preview Content */ = {
			isa = PBXGroup;
			children = (
				67EC09C22CE6D82C00B2902F /* Preview Assets.xcassets */,
			);
			path = "Preview Content";
			sourceTree = "<group>";
		};
		67EC09CC2CE6D82C00B2902F /* MemoWallTests */ = {
			isa = PBXGroup;
			children = (
				67EC09CD2CE6D82C00B2902F /* MemoWallTests.swift */,
			);
			path = MemoWallTests;
			sourceTree = "<group>";
		};
		67EC09D62CE6D82C00B2902F /* MemoWallUITests */ = {
			isa = PBXGroup;
			children = (
				67EC09D72CE6D82C00B2902F /* MemoWallUITests.swift */,
				67EC09D92CE6D82C00B2902F /* MemoWallUITestsLaunchTests.swift */,
			);
			path = MemoWallUITests;
			sourceTree = "<group>";
		};
/* End PBXGroup section */

/* Begin PBXNativeTarget section */
		678F20AD2CFBA42900269BD6 /* MemoWallWidgetExtension */ = {
			isa = PBXNativeTarget;
			buildConfigurationList = 678F20C62CFBA42A00269BD6 /* Build configuration list for PBXNativeTarget "MemoWallWidgetExtension" */;
			buildPhases = (
				678F20AA2CFBA42900269BD6 /* Sources */,
				678F20AB2CFBA42900269BD6 /* Frameworks */,
				678F20AC2CFBA42900269BD6 /* Resources */,
			);
			buildRules = (
			);
			dependencies = (
			);
			fileSystemSynchronizedGroups = (
				678F20B42CFBA42900269BD6 /* MemoWallWidget */,
			);
			name = MemoWallWidgetExtension;
			packageProductDependencies = (
			);
			productName = MemoWallWidgetExtension;
			productReference = 678F20AE2CFBA42900269BD6 /* MemoWallWidgetExtension.appex */;
			productType = "com.apple.product-type.app-extension";
		};
		67EC09B52CE6D82B00B2902F /* MemoWall */ = {
			isa = PBXNativeTarget;
			buildConfigurationList = 67EC09DD2CE6D82C00B2902F /* Build configuration list for PBXNativeTarget "MemoWall" */;
			buildPhases = (
				67EC09B22CE6D82B00B2902F /* Sources */,
				67EC09B32CE6D82B00B2902F /* Frameworks */,
				67EC09B42CE6D82B00B2902F /* Resources */,
				678F20C22CFBA42A00269BD6 /* Embed Foundation Extensions */,
			);
			buildRules = (
			);
			dependencies = (
				678F20C02CFBA42A00269BD6 /* PBXTargetDependency */,
			);
			name = MemoWall;
			packageProductDependencies = (
				67EC09EC2CE6E7DC00B2902F /* Down */,
			);
			productName = MemoWall;
			productReference = 67EC09B62CE6D82B00B2902F /* MemoWall.app */;
			productType = "com.apple.product-type.application";
		};
		67EC09C82CE6D82C00B2902F /* MemoWallTests */ = {
			isa = PBXNativeTarget;
			buildConfigurationList = 67EC09E02CE6D82C00B2902F /* Build configuration list for PBXNativeTarget "MemoWallTests" */;
			buildPhases = (
				67EC09C52CE6D82C00B2902F /* Sources */,
				67EC09C62CE6D82C00B2902F /* Frameworks */,
				67EC09C72CE6D82C00B2902F /* Resources */,
			);
			buildRules = (
			);
			dependencies = (
				67EC09CB2CE6D82C00B2902F /* PBXTargetDependency */,
			);
			name = MemoWallTests;
			productName = MemoWallTests;
			productReference = 67EC09C92CE6D82C00B2902F /* MemoWallTests.xctest */;
			productType = "com.apple.product-type.bundle.unit-test";
		};
		67EC09D22CE6D82C00B2902F /* MemoWallUITests */ = {
			isa = PBXNativeTarget;
			buildConfigurationList = 67EC09E32CE6D82C00B2902F /* Build configuration list for PBXNativeTarget "MemoWallUITests" */;
			buildPhases = (
				67EC09CF2CE6D82C00B2902F /* Sources */,
				67EC09D02CE6D82C00B2902F /* Frameworks */,
				67EC09D12CE6D82C00B2902F /* Resources */,
			);
			buildRules = (
			);
			dependencies = (
				67EC09D52CE6D82C00B2902F /* PBXTargetDependency */,
			);
			name = MemoWallUITests;
			productName = MemoWallUITests;
			productReference = 67EC09D32CE6D82C00B2902F /* MemoWallUITests.xctest */;
			productType = "com.apple.product-type.bundle.ui-testing";
		};
/* End PBXNativeTarget section */

/* Begin PBXProject section */
		67EC09AE2CE6D82B00B2902F /* Project object */ = {
			isa = PBXProject;
			attributes = {
				BuildIndependentTargetsInParallel = 1;
				LastSwiftUpdateCheck = 1610;
				LastUpgradeCheck = 1610;
				TargetAttributes = {
					678F20AD2CFBA42900269BD6 = {
						CreatedOnToolsVersion = 16.1;
					};
					67EC09B52CE6D82B00B2902F = {
						CreatedOnToolsVersion = 15.4;
					};
					67EC09C82CE6D82C00B2902F = {
						CreatedOnToolsVersion = 15.4;
						TestTargetID = 67EC09B52CE6D82B00B2902F;
					};
					67EC09D22CE6D82C00B2902F = {
						CreatedOnToolsVersion = 15.4;
						TestTargetID = 67EC09B52CE6D82B00B2902F;
					};
				};
			};
			buildConfigurationList = 67EC09B12CE6D82B00B2902F /* Build configuration list for PBXProject "MemoWall" */;
			compatibilityVersion = "Xcode 14.0";
			developmentRegion = en;
			hasScannedForEncodings = 0;
			knownRegions = (
				en,
				Base,
			);
			mainGroup = 67EC09AD2CE6D82B00B2902F;
			packageReferences = (
				67EC09EB2CE6E7DC00B2902F /* XCRemoteSwiftPackageReference "Down" */,
			);
			productRefGroup = 67EC09B72CE6D82B00B2902F /* Products */;
			projectDirPath = "";
			projectRoot = "";
			targets = (
				67EC09B52CE6D82B00B2902F /* MemoWall */,
				67EC09C82CE6D82C00B2902F /* MemoWallTests */,
				67EC09D22CE6D82C00B2902F /* MemoWallUITests */,
				678F20AD2CFBA42900269BD6 /* MemoWallWidgetExtension */,
			);
		};
/* End PBXProject section */

/* Begin PBXResourcesBuildPhase section */
		678F20AC2CFBA42900269BD6 /* Resources */ = {
			isa = PBXResourcesBuildPhase;
			buildActionMask = 2147483647;
			files = (
			);
			runOnlyForDeploymentPostprocessing = 0;
		};
		67EC09B42CE6D82B00B2902F /* Resources */ = {
			isa = PBXResourcesBuildPhase;
			buildActionMask = 2147483647;
			files = (
				67EC09C32CE6D82C00B2902F /* Preview Assets.xcassets in Resources */,
				67EC09C02CE6D82C00B2902F /* Assets.xcassets in Resources */,
			);
			runOnlyForDeploymentPostprocessing = 0;
		};
		67EC09C72CE6D82C00B2902F /* Resources */ = {
			isa = PBXResourcesBuildPhase;
			buildActionMask = 2147483647;
			files = (
			);
			runOnlyForDeploymentPostprocessing = 0;
		};
		67EC09D12CE6D82C00B2902F /* Resources */ = {
			isa = PBXResourcesBuildPhase;
			buildActionMask = 2147483647;
			files = (
			);
			runOnlyForDeploymentPostprocessing = 0;
		};
/* End PBXResourcesBuildPhase section */

/* Begin PBXSourcesBuildPhase section */
		678F20AA2CFBA42900269BD6 /* Sources */ = {
			isa = PBXSourcesBuildPhase;
			buildActionMask = 2147483647;
			files = (
				673A6A6D2CFBC69E00DD0B02 /* SharedDataManager.swift in Sources */,
				673434D22D039C0D00FE6B25 /* SharedMarkdownTextView.swift in Sources */,
				673A6A6F2CFBC69E00DD0B02 /* Item.swift in Sources */,
				673A6A752CFBCBA300DD0B02 /* MarkdownRenderedView.swift in Sources */,
			);
			runOnlyForDeploymentPostprocessing = 0;
		};
		67EC09B22CE6D82B00B2902F /* Sources */ = {
			isa = PBXSourcesBuildPhase;
			buildActionMask = 2147483647;
			files = (
				676ADC782CF2DDF500C48FBD /* ContentView.swift in Sources */,
				673A6A6A2CFBC69E00DD0B02 /* SharedDataManager.swift in Sources */,
				673A6A742CFBCBA300DD0B02 /* MarkdownRenderedView.swift in Sources */,
				673434D12D039C0D00FE6B25 /* SharedMarkdownTextView.swift in Sources */,
				673A6A6C2CFBC69E00DD0B02 /* Item.swift in Sources */,
				67EC09BA2CE6D82B00B2902F /* MemoWallApp.swift in Sources */,
			);
			runOnlyForDeploymentPostprocessing = 0;
		};
		67EC09C52CE6D82C00B2902F /* Sources */ = {
			isa = PBXSourcesBuildPhase;
			buildActionMask = 2147483647;
			files = (
				67EC09CE2CE6D82C00B2902F /* MemoWallTests.swift in Sources */,
			);
			runOnlyForDeploymentPostprocessing = 0;
		};
		67EC09CF2CE6D82C00B2902F /* Sources */ = {
			isa = PBXSourcesBuildPhase;
			buildActionMask = 2147483647;
			files = (
				67EC09DA2CE6D82C00B2902F /* MemoWallUITestsLaunchTests.swift in Sources */,
				67EC09D82CE6D82C00B2902F /* MemoWallUITests.swift in Sources */,
			);
			runOnlyForDeploymentPostprocessing = 0;
		};
/* End PBXSourcesBuildPhase section */

/* Begin PBXTargetDependency section */
		678F20C02CFBA42A00269BD6 /* PBXTargetDependency */ = {
			isa = PBXTargetDependency;
			target = 678F20AD2CFBA42900269BD6 /* MemoWallWidgetExtension */;
			targetProxy = 678F20BF2CFBA42A00269BD6 /* PBXContainerItemProxy */;
		};
		67EC09CB2CE6D82C00B2902F /* PBXTargetDependency */ = {
			isa = PBXTargetDependency;
			target = 67EC09B52CE6D82B00B2902F /* MemoWall */;
			targetProxy = 67EC09CA2CE6D82C00B2902F /* PBXContainerItemProxy */;
		};
		67EC09D52CE6D82C00B2902F /* PBXTargetDependency */ = {
			isa = PBXTargetDependency;
			target = 67EC09B52CE6D82B00B2902F /* MemoWall */;
			targetProxy = 67EC09D42CE6D82C00B2902F /* PBXContainerItemProxy */;
		};
/* End PBXTargetDependency section */

/* Begin XCBuildConfiguration section */
		678F20C32CFBA42A00269BD6 /* Debug */ = {
			isa = XCBuildConfiguration;
			buildSettings = {
				ASSETCATALOG_COMPILER_GLOBAL_ACCENT_COLOR_NAME = AccentColor;
				ASSETCATALOG_COMPILER_WIDGET_BACKGROUND_COLOR_NAME = WidgetBackground;
				CODE_SIGN_ENTITLEMENTS = MemoWallWidget/MemoWallWidget.entitlements;
				CODE_SIGN_STYLE = Automatic;
				CURRENT_PROJECT_VERSION = 1;
				DEAD_CODE_STRIPPING = YES;
				DEVELOPMENT_TEAM = 7BU877D8WZ;
				ENABLE_HARDENED_RUNTIME = YES;
				GENERATE_INFOPLIST_FILE = YES;
				INFOPLIST_FILE = MemoWallWidget/Info.plist;
				INFOPLIST_KEY_CFBundleDisplayName = MemoWallWidget;
				INFOPLIST_KEY_NSHumanReadableCopyright = "";
				LD_RUNPATH_SEARCH_PATHS = (
					"$(inherited)",
					"@executable_path/../Frameworks",
					"@executable_path/../../../../Frameworks",
				);
				MACOSX_DEPLOYMENT_TARGET = 15.1;
				MARKETING_VERSION = 1.0;
				PRODUCT_BUNDLE_IDENTIFIER = diangao.MemoWall.WidgetExtension;
				PRODUCT_NAME = "$(TARGET_NAME)";
				SKIP_INSTALL = YES;
				SWIFT_EMIT_LOC_STRINGS = YES;
				SWIFT_VERSION = 5.0;
			};
			name = Debug;
		};
		678F20C42CFBA42A00269BD6 /* Release */ = {
			isa = XCBuildConfiguration;
			buildSettings = {
				ASSETCATALOG_COMPILER_GLOBAL_ACCENT_COLOR_NAME = AccentColor;
				ASSETCATALOG_COMPILER_WIDGET_BACKGROUND_COLOR_NAME = WidgetBackground;
				CODE_SIGN_ENTITLEMENTS = MemoWallWidget/MemoWallWidget.entitlements;
				CODE_SIGN_STYLE = Automatic;
				CURRENT_PROJECT_VERSION = 1;
				DEAD_CODE_STRIPPING = YES;
				DEVELOPMENT_TEAM = 7BU877D8WZ;
				ENABLE_HARDENED_RUNTIME = YES;
				GENERATE_INFOPLIST_FILE = YES;
				INFOPLIST_FILE = MemoWallWidget/Info.plist;
				INFOPLIST_KEY_CFBundleDisplayName = MemoWallWidget;
				INFOPLIST_KEY_NSHumanReadableCopyright = "";
				LD_RUNPATH_SEARCH_PATHS = (
					"$(inherited)",
					"@executable_path/../Frameworks",
					"@executable_path/../../../../Frameworks",
				);
				MACOSX_DEPLOYMENT_TARGET = 15.1;
				MARKETING_VERSION = 1.0;
				PRODUCT_BUNDLE_IDENTIFIER = diangao.MemoWall.WidgetExtension;
				PRODUCT_NAME = "$(TARGET_NAME)";
				SKIP_INSTALL = YES;
				SWIFT_EMIT_LOC_STRINGS = YES;
				SWIFT_VERSION = 5.0;
			};
			name = Release;
		};
		67EC09DB2CE6D82C00B2902F /* Debug */ = {
			isa = XCBuildConfiguration;
			buildSettings = {
				ALWAYS_SEARCH_USER_PATHS = NO;
				ASSETCATALOG_COMPILER_GENERATE_SWIFT_ASSET_SYMBOL_EXTENSIONS = YES;
				CLANG_ANALYZER_NONNULL = YES;
				CLANG_ANALYZER_NUMBER_OBJECT_CONVERSION = YES_AGGRESSIVE;
				CLANG_CXX_LANGUAGE_STANDARD = "gnu++20";
				CLANG_ENABLE_MODULES = YES;
				CLANG_ENABLE_OBJC_ARC = YES;
				CLANG_ENABLE_OBJC_WEAK = YES;
				CLANG_WARN_BLOCK_CAPTURE_AUTORELEASING = YES;
				CLANG_WARN_BOOL_CONVERSION = YES;
				CLANG_WARN_COMMA = YES;
				CLANG_WARN_CONSTANT_CONVERSION = YES;
				CLANG_WARN_DEPRECATED_OBJC_IMPLEMENTATIONS = YES;
				CLANG_WARN_DIRECT_OBJC_ISA_USAGE = YES_ERROR;
				CLANG_WARN_DOCUMENTATION_COMMENTS = YES;
				CLANG_WARN_EMPTY_BODY = YES;
				CLANG_WARN_ENUM_CONVERSION = YES;
				CLANG_WARN_INFINITE_RECURSION = YES;
				CLANG_WARN_INT_CONVERSION = YES;
				CLANG_WARN_NON_LITERAL_NULL_CONVERSION = YES;
				CLANG_WARN_OBJC_IMPLICIT_RETAIN_SELF = YES;
				CLANG_WARN_OBJC_LITERAL_CONVERSION = YES;
				CLANG_WARN_OBJC_ROOT_CLASS = YES_ERROR;
				CLANG_WARN_QUOTED_INCLUDE_IN_FRAMEWORK_HEADER = YES;
				CLANG_WARN_RANGE_LOOP_ANALYSIS = YES;
				CLANG_WARN_STRICT_PROTOTYPES = YES;
				CLANG_WARN_SUSPICIOUS_MOVE = YES;
				CLANG_WARN_UNGUARDED_AVAILABILITY = YES_AGGRESSIVE;
				CLANG_WARN_UNREACHABLE_CODE = YES;
				CLANG_WARN__DUPLICATE_METHOD_MATCH = YES;
				COPY_PHASE_STRIP = NO;
				DEAD_CODE_STRIPPING = YES;
				DEBUG_INFORMATION_FORMAT = dwarf;
				ENABLE_STRICT_OBJC_MSGSEND = YES;
				ENABLE_TESTABILITY = YES;
				ENABLE_USER_SCRIPT_SANDBOXING = YES;
				GCC_C_LANGUAGE_STANDARD = gnu17;
				GCC_DYNAMIC_NO_PIC = NO;
				GCC_NO_COMMON_BLOCKS = YES;
				GCC_OPTIMIZATION_LEVEL = 0;
				GCC_PREPROCESSOR_DEFINITIONS = (
					"DEBUG=1",
					"$(inherited)",
				);
				GCC_WARN_64_TO_32_BIT_CONVERSION = YES;
				GCC_WARN_ABOUT_RETURN_TYPE = YES_ERROR;
				GCC_WARN_UNDECLARED_SELECTOR = YES;
				GCC_WARN_UNINITIALIZED_AUTOS = YES_AGGRESSIVE;
				GCC_WARN_UNUSED_FUNCTION = YES;
				GCC_WARN_UNUSED_VARIABLE = YES;
				LOCALIZATION_PREFERS_STRING_CATALOGS = YES;
				MACOSX_DEPLOYMENT_TARGET = 14.5;
				MTL_ENABLE_DEBUG_INFO = INCLUDE_SOURCE;
				MTL_FAST_MATH = YES;
				ONLY_ACTIVE_ARCH = YES;
				SDKROOT = macosx;
				SWIFT_ACTIVE_COMPILATION_CONDITIONS = "DEBUG $(inherited)";
				SWIFT_OPTIMIZATION_LEVEL = "-Onone";
			};
			name = Debug;
		};
		67EC09DC2CE6D82C00B2902F /* Release */ = {
			isa = XCBuildConfiguration;
			buildSettings = {
				ALWAYS_SEARCH_USER_PATHS = NO;
				ASSETCATALOG_COMPILER_GENERATE_SWIFT_ASSET_SYMBOL_EXTENSIONS = YES;
				CLANG_ANALYZER_NONNULL = YES;
				CLANG_ANALYZER_NUMBER_OBJECT_CONVERSION = YES_AGGRESSIVE;
				CLANG_CXX_LANGUAGE_STANDARD = "gnu++20";
				CLANG_ENABLE_MODULES = YES;
				CLANG_ENABLE_OBJC_ARC = YES;
				CLANG_ENABLE_OBJC_WEAK = YES;
				CLANG_WARN_BLOCK_CAPTURE_AUTORELEASING = YES;
				CLANG_WARN_BOOL_CONVERSION = YES;
				CLANG_WARN_COMMA = YES;
				CLANG_WARN_CONSTANT_CONVERSION = YES;
				CLANG_WARN_DEPRECATED_OBJC_IMPLEMENTATIONS = YES;
				CLANG_WARN_DIRECT_OBJC_ISA_USAGE = YES_ERROR;
				CLANG_WARN_DOCUMENTATION_COMMENTS = YES;
				CLANG_WARN_EMPTY_BODY = YES;
				CLANG_WARN_ENUM_CONVERSION = YES;
				CLANG_WARN_INFINITE_RECURSION = YES;
				CLANG_WARN_INT_CONVERSION = YES;
				CLANG_WARN_NON_LITERAL_NULL_CONVERSION = YES;
				CLANG_WARN_OBJC_IMPLICIT_RETAIN_SELF = YES;
				CLANG_WARN_OBJC_LITERAL_CONVERSION = YES;
				CLANG_WARN_OBJC_ROOT_CLASS = YES_ERROR;
				CLANG_WARN_QUOTED_INCLUDE_IN_FRAMEWORK_HEADER = YES;
				CLANG_WARN_RANGE_LOOP_ANALYSIS = YES;
				CLANG_WARN_STRICT_PROTOTYPES = YES;
				CLANG_WARN_SUSPICIOUS_MOVE = YES;
				CLANG_WARN_UNGUARDED_AVAILABILITY = YES_AGGRESSIVE;
				CLANG_WARN_UNREACHABLE_CODE = YES;
				CLANG_WARN__DUPLICATE_METHOD_MATCH = YES;
				COPY_PHASE_STRIP = NO;
				DEAD_CODE_STRIPPING = YES;
				DEBUG_INFORMATION_FORMAT = "dwarf-with-dsym";
				ENABLE_NS_ASSERTIONS = NO;
				ENABLE_STRICT_OBJC_MSGSEND = YES;
				ENABLE_USER_SCRIPT_SANDBOXING = YES;
				GCC_C_LANGUAGE_STANDARD = gnu17;
				GCC_NO_COMMON_BLOCKS = YES;
				GCC_WARN_64_TO_32_BIT_CONVERSION = YES;
				GCC_WARN_ABOUT_RETURN_TYPE = YES_ERROR;
				GCC_WARN_UNDECLARED_SELECTOR = YES;
				GCC_WARN_UNINITIALIZED_AUTOS = YES_AGGRESSIVE;
				GCC_WARN_UNUSED_FUNCTION = YES;
				GCC_WARN_UNUSED_VARIABLE = YES;
				LOCALIZATION_PREFERS_STRING_CATALOGS = YES;
				MACOSX_DEPLOYMENT_TARGET = 14.5;
				MTL_ENABLE_DEBUG_INFO = NO;
				MTL_FAST_MATH = YES;
				SDKROOT = macosx;
				SWIFT_COMPILATION_MODE = wholemodule;
			};
			name = Release;
		};
		67EC09DE2CE6D82C00B2902F /* Debug */ = {
			isa = XCBuildConfiguration;
			buildSettings = {
				ASSETCATALOG_COMPILER_APPICON_NAME = AppIcon;
				ASSETCATALOG_COMPILER_GLOBAL_ACCENT_COLOR_NAME = AccentColor;
				CODE_SIGN_ENTITLEMENTS = MemoWall/MemoWall.entitlements;
				CODE_SIGN_STYLE = Automatic;
				COMBINE_HIDPI_IMAGES = YES;
				CURRENT_PROJECT_VERSION = 1;
				DEAD_CODE_STRIPPING = YES;
				DEVELOPMENT_ASSET_PATHS = "\"MemoWall/Preview Content\"";
				DEVELOPMENT_TEAM = 7BU877D8WZ;
				ENABLE_HARDENED_RUNTIME = YES;
				ENABLE_PREVIEWS = YES;
				GENERATE_INFOPLIST_FILE = YES;
				INFOPLIST_FILE = MemoWall/Info.plist;
				INFOPLIST_KEY_NSHumanReadableCopyright = "";
				LD_RUNPATH_SEARCH_PATHS = (
					"$(inherited)",
					"@executable_path/../Frameworks",
				);
				MACOSX_DEPLOYMENT_TARGET = 14.0;
				MARKETING_VERSION = 1.0;
				PRODUCT_BUNDLE_IDENTIFIER = diangao.MemoWall;
				PRODUCT_NAME = "$(TARGET_NAME)";
				SWIFT_EMIT_LOC_STRINGS = YES;
				SWIFT_VERSION = 5.0;
			};
			name = Debug;
		};
		67EC09DF2CE6D82C00B2902F /* Release */ = {
			isa = XCBuildConfiguration;
			buildSettings = {
				ASSETCATALOG_COMPILER_APPICON_NAME = AppIcon;
				ASSETCATALOG_COMPILER_GLOBAL_ACCENT_COLOR_NAME = AccentColor;
				CODE_SIGN_ENTITLEMENTS = MemoWall/MemoWall.entitlements;
				CODE_SIGN_STYLE = Automatic;
				COMBINE_HIDPI_IMAGES = YES;
				CURRENT_PROJECT_VERSION = 1;
				DEAD_CODE_STRIPPING = YES;
				DEVELOPMENT_ASSET_PATHS = "\"MemoWall/Preview Content\"";
				DEVELOPMENT_TEAM = 7BU877D8WZ;
				ENABLE_HARDENED_RUNTIME = YES;
				ENABLE_PREVIEWS = YES;
				GENERATE_INFOPLIST_FILE = YES;
				INFOPLIST_FILE = MemoWall/Info.plist;
				INFOPLIST_KEY_NSHumanReadableCopyright = "";
				LD_RUNPATH_SEARCH_PATHS = (
					"$(inherited)",
					"@executable_path/../Frameworks",
				);
				MACOSX_DEPLOYMENT_TARGET = 14.0;
				MARKETING_VERSION = 1.0;
				PRODUCT_BUNDLE_IDENTIFIER = diangao.MemoWall;
				PRODUCT_NAME = "$(TARGET_NAME)";
				SWIFT_EMIT_LOC_STRINGS = YES;
				SWIFT_VERSION = 5.0;
			};
			name = Release;
		};
		67EC09E12CE6D82C00B2902F /* Debug */ = {
			isa = XCBuildConfiguration;
			buildSettings = {
				BUNDLE_LOADER = "$(TEST_HOST)";
				CODE_SIGN_STYLE = Automatic;
				CURRENT_PROJECT_VERSION = 1;
				DEAD_CODE_STRIPPING = YES;
				DEVELOPMENT_TEAM = 7BU877D8WZ;
				GENERATE_INFOPLIST_FILE = YES;
				MACOSX_DEPLOYMENT_TARGET = 14.0;
				MARKETING_VERSION = 1.0;
				PRODUCT_BUNDLE_IDENTIFIER = diangao.MemoWallTests;
				PRODUCT_NAME = "$(TARGET_NAME)";
				SWIFT_EMIT_LOC_STRINGS = NO;
				SWIFT_VERSION = 5.0;
				TEST_HOST = "$(BUILT_PRODUCTS_DIR)/MemoWall.app/$(BUNDLE_EXECUTABLE_FOLDER_PATH)/MemoWall";
			};
			name = Debug;
		};
		67EC09E22CE6D82C00B2902F /* Release */ = {
			isa = XCBuildConfiguration;
			buildSettings = {
				BUNDLE_LOADER = "$(TEST_HOST)";
				CODE_SIGN_STYLE = Automatic;
				CURRENT_PROJECT_VERSION = 1;
				DEAD_CODE_STRIPPING = YES;
				DEVELOPMENT_TEAM = 7BU877D8WZ;
				GENERATE_INFOPLIST_FILE = YES;
				MACOSX_DEPLOYMENT_TARGET = 14.0;
				MARKETING_VERSION = 1.0;
				PRODUCT_BUNDLE_IDENTIFIER = diangao.MemoWallTests;
				PRODUCT_NAME = "$(TARGET_NAME)";
				SWIFT_EMIT_LOC_STRINGS = NO;
				SWIFT_VERSION = 5.0;
				TEST_HOST = "$(BUILT_PRODUCTS_DIR)/MemoWall.app/$(BUNDLE_EXECUTABLE_FOLDER_PATH)/MemoWall";
			};
			name = Release;
		};
		67EC09E42CE6D82C00B2902F /* Debug */ = {
			isa = XCBuildConfiguration;
			buildSettings = {
				CODE_SIGN_STYLE = Automatic;
				CURRENT_PROJECT_VERSION = 1;
				DEAD_CODE_STRIPPING = YES;
				DEVELOPMENT_TEAM = 7BU877D8WZ;
				GENERATE_INFOPLIST_FILE = YES;
				MARKETING_VERSION = 1.0;
				PRODUCT_BUNDLE_IDENTIFIER = diangao.MemoWallUITests;
				PRODUCT_NAME = "$(TARGET_NAME)";
				SWIFT_EMIT_LOC_STRINGS = NO;
				SWIFT_VERSION = 5.0;
				TEST_TARGET_NAME = MemoWall;
			};
			name = Debug;
		};
		67EC09E52CE6D82C00B2902F /* Release */ = {
			isa = XCBuildConfiguration;
			buildSettings = {
				CODE_SIGN_STYLE = Automatic;
				CURRENT_PROJECT_VERSION = 1;
				DEAD_CODE_STRIPPING = YES;
				DEVELOPMENT_TEAM = 7BU877D8WZ;
				GENERATE_INFOPLIST_FILE = YES;
				MARKETING_VERSION = 1.0;
				PRODUCT_BUNDLE_IDENTIFIER = diangao.MemoWallUITests;
				PRODUCT_NAME = "$(TARGET_NAME)";
				SWIFT_EMIT_LOC_STRINGS = NO;
				SWIFT_VERSION = 5.0;
				TEST_TARGET_NAME = MemoWall;
			};
			name = Release;
		};
/* End XCBuildConfiguration section */

/* Begin XCConfigurationList section */
		678F20C62CFBA42A00269BD6 /* Build configuration list for PBXNativeTarget "MemoWallWidgetExtension" */ = {
			isa = XCConfigurationList;
			buildConfigurations = (
				678F20C32CFBA42A00269BD6 /* Debug */,
				678F20C42CFBA42A00269BD6 /* Release */,
			);
			defaultConfigurationIsVisible = 0;
			defaultConfigurationName = Release;
		};
		67EC09B12CE6D82B00B2902F /* Build configuration list for PBXProject "MemoWall" */ = {
			isa = XCConfigurationList;
			buildConfigurations = (
				67EC09DB2CE6D82C00B2902F /* Debug */,
				67EC09DC2CE6D82C00B2902F /* Release */,
			);
			defaultConfigurationIsVisible = 0;
			defaultConfigurationName = Release;
		};
		67EC09DD2CE6D82C00B2902F /* Build configuration list for PBXNativeTarget "MemoWall" */ = {
			isa = XCConfigurationList;
			buildConfigurations = (
				67EC09DE2CE6D82C00B2902F /* Debug */,
				67EC09DF2CE6D82C00B2902F /* Release */,
			);
			defaultConfigurationIsVisible = 0;
			defaultConfigurationName = Release;
		};
		67EC09E02CE6D82C00B2902F /* Build configuration list for PBXNativeTarget "MemoWallTests" */ = {
			isa = XCConfigurationList;
			buildConfigurations = (
				67EC09E12CE6D82C00B2902F /* Debug */,
				67EC09E22CE6D82C00B2902F /* Release */,
			);
			defaultConfigurationIsVisible = 0;
			defaultConfigurationName = Release;
		};
		67EC09E32CE6D82C00B2902F /* Build configuration list for PBXNativeTarget "MemoWallUITests" */ = {
			isa = XCConfigurationList;
			buildConfigurations = (
				67EC09E42CE6D82C00B2902F /* Debug */,
				67EC09E52CE6D82C00B2902F /* Release */,
			);
			defaultConfigurationIsVisible = 0;
			defaultConfigurationName = Release;
		};
/* End XCConfigurationList section */

/* Begin XCRemoteSwiftPackageReference section */
		67EC09EB2CE6E7DC00B2902F /* XCRemoteSwiftPackageReference "Down" */ = {
			isa = XCRemoteSwiftPackageReference;
			repositoryURL = "https://github.com/johnxnguyen/Down.git";
			requirement = {
				branch = master;
				kind = branch;
			};
		};
/* End XCRemoteSwiftPackageReference section */

/* Begin XCSwiftPackageProductDependency section */
		67EC09EC2CE6E7DC00B2902F /* Down */ = {
			isa = XCSwiftPackageProductDependency;
			package = 67EC09EB2CE6E7DC00B2902F /* XCRemoteSwiftPackageReference "Down" */;
			productName = Down;
		};
/* End XCSwiftPackageProductDependency section */
	};
	rootObject = 67EC09AE2CE6D82B00B2902F /* Project object */;
}
